PODS:
  - DropDown (2.3.13)
  - GearRefreshControl (1.0.1)
  - Highlighter (1.4.0)
  - ShimmerSwift (2.1.1)
  - youtube-ios-player-helper (1.0.2)

DEPENDENCIES:
  - DropDown
  - GearRefreshControl (~> 1.0.0)
  - Highlighter
  - ShimmerSwift
  - youtube-ios-player-helper

SPEC REPOS:
  trunk:
    - DropDown
    - GearRefreshControl
    - Highlighter
    - ShimmerSwift
    - youtube-ios-player-helper

SPEC CHECKSUMS:
  DropDown: 8a2116376c1981888557f72ec2ffc9a5e0e456ec
  GearRefreshControl: f1d4cf97b6440bbd47d6a8a32fe2aaddd6d1e3cb
  Highlighter: 42eb22960be4d3358c42122b3768ac77b9ae0967
  ShimmerSwift: f7ed2daf9c246de8299dfd9e12c6ab465cba9842
  youtube-ios-player-helper: 40b96e52c22445f0fdc43731cefa32c67075ff81

PODFILE CHECKSUM: eb58dddbc8f810e303b8cd86637fc788fc63ab4e

COCOAPODS: 1.9.1
